
Microsoft Visual Studio Solution File, Format Version 12.00
# Visual Studio 15
VisualStudioVersion = 15.0.27703.2026
MinimumVisualStudioVersion = 10.0.40219.1
Project("{FAE04EC0-301F-11D3-BF4B-00C04F79EFBC}") = "ALM.WeChatAdmin.Business", "ALM.WeChatAdmin.Business\ALM.WeChatAdmin.Business.csproj", "{A6DB10A4-997F-4396-9327-2588439EDAC2}"
EndProject
Project("{FAE04EC0-301F-11D3-BF4B-00C04F79EFBC}") = "ALM.WeChatAdmin.Business.Model", "ALM.WeChatAdmin.Business.Model\ALM.WeChatAdmin.Business.Model.csproj", "{F66E0E85-9561-410B-9081-BEEC759521E4}"
EndProject
Project("{FAE04EC0-301F-11D3-BF4B-00C04F79EFBC}") = "ALM.WeChatAdmin.Common", "ALM.WeChatAdmin.Common\ALM.WeChatAdmin.Common.csproj", "{4D6FB712-44AF-4BFE-9AB1-36EABBEE2BD4}"
EndProject
Project("{FAE04EC0-301F-11D3-BF4B-00C04F79EFBC}") = "ALM.WeChatAdmin.API", "ALM.WeChatAdmin.API\ALM.WeChatAdmin.API.csproj", "{818B3DB6-2D01-489F-AC9E-4BCAE6EE039A}"
EndProject
Project("{FAE04EC0-301F-11D3-BF4B-00C04F79EFBC}") = "ALM.WeChatAdmin.EF", "ALM.WeChatAdmin.EF\ALM.WeChatAdmin.EF.csproj", "{55776B63-531E-49E0-B655-FDF6EFAE4A07}"
EndProject
Global
	GlobalSection(SolutionConfigurationPlatforms) = preSolution
		Debug|Any CPU = Debug|Any CPU
		Release|Any CPU = Release|Any CPU
	EndGlobalSection
	GlobalSection(ProjectConfigurationPlatforms) = postSolution
		{A6DB10A4-997F-4396-9327-2588439EDAC2}.Debug|Any CPU.ActiveCfg = Debug|Any CPU
		{A6DB10A4-997F-4396-9327-2588439EDAC2}.Debug|Any CPU.Build.0 = Debug|Any CPU
		{A6DB10A4-997F-4396-9327-2588439EDAC2}.Release|Any CPU.ActiveCfg = Release|Any CPU
		{A6DB10A4-997F-4396-9327-2588439EDAC2}.Release|Any CPU.Build.0 = Release|Any CPU
		{F66E0E85-9561-410B-9081-BEEC759521E4}.Debug|Any CPU.ActiveCfg = Debug|Any CPU
		{F66E0E85-9561-410B-9081-BEEC759521E4}.Debug|Any CPU.Build.0 = Debug|Any CPU
		{F66E0E85-9561-410B-9081-BEEC759521E4}.Release|Any CPU.ActiveCfg = Release|Any CPU
		{F66E0E85-9561-410B-9081-BEEC759521E4}.Release|Any CPU.Build.0 = Release|Any CPU
		{4D6FB712-44AF-4BFE-9AB1-36EABBEE2BD4}.Debug|Any CPU.ActiveCfg = Debug|Any CPU
		{4D6FB712-44AF-4BFE-9AB1-36EABBEE2BD4}.Debug|Any CPU.Build.0 = Debug|Any CPU
		{4D6FB712-44AF-4BFE-9AB1-36EABBEE2BD4}.Release|Any CPU.ActiveCfg = Release|Any CPU
		{4D6FB712-44AF-4BFE-9AB1-36EABBEE2BD4}.Release|Any CPU.Build.0 = Release|Any CPU
		{818B3DB6-2D01-489F-AC9E-4BCAE6EE039A}.Debug|Any CPU.ActiveCfg = Debug|Any CPU
		{818B3DB6-2D01-489F-AC9E-4BCAE6EE039A}.Debug|Any CPU.Build.0 = Debug|Any CPU
		{818B3DB6-2D01-489F-AC9E-4BCAE6EE039A}.Release|Any CPU.ActiveCfg = Release|Any CPU
		{818B3DB6-2D01-489F-AC9E-4BCAE6EE039A}.Release|Any CPU.Build.0 = Release|Any CPU
		{55776B63-531E-49E0-B655-FDF6EFAE4A07}.Debug|Any CPU.ActiveCfg = Debug|Any CPU
		{55776B63-531E-49E0-B655-FDF6EFAE4A07}.Debug|Any CPU.Build.0 = Debug|Any CPU
		{55776B63-531E-49E0-B655-FDF6EFAE4A07}.Release|Any CPU.ActiveCfg = Release|Any CPU
		{55776B63-531E-49E0-B655-FDF6EFAE4A07}.Release|Any CPU.Build.0 = Release|Any CPU
	EndGlobalSection
	GlobalSection(SolutionProperties) = preSolution
		HideSolutionNode = FALSE
	EndGlobalSection
	GlobalSection(ExtensibilityGlobals) = postSolution
		SolutionGuid = {29F479EA-1E3F-414C-BBFB-41CBD9EF91BD}
	EndGlobalSection
EndGlobal
